
Microsoft Visual Studio Solution File, Format Version 12.00
# Visual Studio 15
VisualStudioVersion = 15.0.27703.2000
MinimumVisualStudioVersion = 10.0.40219.1
Project("{FAE04EC0-301F-11D3-BF4B-00C04F79EFBC}") = "Pre-Crime", "Pre-Crime\Pre-Crime.csproj", "{C90A3BA2-907F-408C-841E-EE806CD0B918}"
EndProject
Project("{FAE04EC0-301F-11D3-BF4B-00C04F79EFBC}") = "Models", "Models\Models.csproj", "{B9135ECF-CACB-4AAD-8E3A-049310DC5EE1}"
EndProject
Project("{FAE04EC0-301F-11D3-BF4B-00C04F79EFBC}") = "Persistence", "Persistence\Persistence.csproj", "{DC3C419C-9935-4943-9998-188B04466854}"
EndProject
Project("{FAE04EC0-301F-11D3-BF4B-00C04F79EFBC}") = "Business", "Business\Business.csproj", "{2804CF1A-7F52-46EE-BC96-43D81E55A707}"
EndProject
Global
	GlobalSection(SolutionConfigurationPlatforms) = preSolution
		Debug|Any CPU = Debug|Any CPU
		Release|Any CPU = Release|Any CPU
	EndGlobalSection
	GlobalSection(ProjectConfigurationPlatforms) = postSolution
		{C90A3BA2-907F-408C-841E-EE806CD0B918}.Debug|Any CPU.ActiveCfg = Debug|Any CPU
		{C90A3BA2-907F-408C-841E-EE806CD0B918}.Debug|Any CPU.Build.0 = Debug|Any CPU
		{C90A3BA2-907F-408C-841E-EE806CD0B918}.Release|Any CPU.ActiveCfg = Release|Any CPU
		{C90A3BA2-907F-408C-841E-EE806CD0B918}.Release|Any CPU.Build.0 = Release|Any CPU
		{B9135ECF-CACB-4AAD-8E3A-049310DC5EE1}.Debug|Any CPU.ActiveCfg = Debug|Any CPU
		{B9135ECF-CACB-4AAD-8E3A-049310DC5EE1}.Debug|Any CPU.Build.0 = Debug|Any CPU
		{B9135ECF-CACB-4AAD-8E3A-049310DC5EE1}.Release|Any CPU.ActiveCfg = Release|Any CPU
		{B9135ECF-CACB-4AAD-8E3A-049310DC5EE1}.Release|Any CPU.Build.0 = Release|Any CPU
		{DC3C419C-9935-4943-9998-188B04466854}.Debug|Any CPU.ActiveCfg = Debug|Any CPU
		{DC3C419C-9935-4943-9998-188B04466854}.Debug|Any CPU.Build.0 = Debug|Any CPU
		{DC3C419C-9935-4943-9998-188B04466854}.Release|Any CPU.ActiveCfg = Release|Any CPU
		{DC3C419C-9935-4943-9998-188B04466854}.Release|Any CPU.Build.0 = Release|Any CPU
		{2804CF1A-7F52-46EE-BC96-43D81E55A707}.Debug|Any CPU.ActiveCfg = Debug|Any CPU
		{2804CF1A-7F52-46EE-BC96-43D81E55A707}.Debug|Any CPU.Build.0 = Debug|Any CPU
		{2804CF1A-7F52-46EE-BC96-43D81E55A707}.Release|Any CPU.ActiveCfg = Release|Any CPU
		{2804CF1A-7F52-46EE-BC96-43D81E55A707}.Release|Any CPU.Build.0 = Release|Any CPU
	EndGlobalSection
	GlobalSection(SolutionProperties) = preSolution
		HideSolutionNode = FALSE
	EndGlobalSection
	GlobalSection(ExtensibilityGlobals) = postSolution
		SolutionGuid = {1BE1BAE8-9907-47D2-AFE1-940F350DE37B}
	EndGlobalSection
EndGlobal
